{
  "version": 2,
  "dependencies": {
    "net10.0": {
      "Albedo": {
        "type": "Direct",
        "requested": "[2.0.0, )",
        "resolved": "2.0.0",
        "contentHash": "Qxnl9XFdxDYzsru/atgi3b0E6EhCtAV1kXaYogpH1/C7fSAwlZ3ZDMNA6kqeXHBFbWKryv+hwf4WIeps0iDgPA=="
      },
      "AutoFixture": {
        "type": "Direct",
        "requested": "[4.18.1, )",
        "resolved": "4.18.1",
        "contentHash": "BmWZDY4fkrYOyd5/CTBOeXbzsNwV8kI4kDi/Ty1Y5F+WDHBVKxzfWlBE4RSicvZ+EOi2XDaN5uwdrHsItLW6Kw==",
        "dependencies": {
          "Fare": "[2.1.1, 3.0.0)"
        }
      },
      "AutoFixture.Idioms": {
        "type": "Direct",
        "requested": "[4.18.1, )",
        "resolved": "4.18.1",
        "contentHash": "2EIZN56jPV5ZxJ4vE3fQHsGHex8fX4VNfFiv8CXR4MnVo3WVvpNddJ+V6p/Q3x+MXXnUDp6eiBGWTwtwfs12SQ==",
        "dependencies": {
          "Albedo": "[2.0.0, 3.0.0)",
          "AutoFixture": "4.18.1"
        }
      },
      "AWSSDK.S3": {
        "type": "Direct",
        "requested": "[4.0.23.6, )",
        "resolved": "4.0.23.6",
        "contentHash": "YIvO2mC1NQRfbjAw2MCla+GGpjOoEIYXX0hi9oGt1/Qqa4ZsSfSZVX7ohydgPPmlx2T62diZQo1MBlOBDfNFxg==",
        "dependencies": {
          "AWSSDK.Core": "[4.0.7.4, 5.0.0)"
        }
      },
      "Docker.DotNet": {
        "type": "Direct",
        "requested": "[3.125.15, )",
        "resolved": "3.125.15",
        "contentHash": "XN8FKxVv8Mjmwu104/Hl9lM61pLY675s70gzwSj8KR5pwblo8HfWLcCuinh9kYsqujBkMH4HVRCEcRuU6al4BQ==",
        "dependencies": {
          "Newtonsoft.Json": "13.0.1"
        }
      },
      "Microsoft.Data.SqlClient": {
        "type": "Direct",
        "requested": "[7.1.0, )",
        "resolved": "7.1.0",
        "contentHash": "yKPkjufNvrX5VDv49XHaGbUNPL4kDx9ALCrqDhYu+ThFQxjM8zGMzYxPv9iiwRU0ZL3vhgq0F2KEeoV3PT2utQ==",
        "dependencies": {
          "Microsoft.Bcl.Cryptography": "9.0.18",
          "Microsoft.Data.SqlClient.Extensions.Abstractions": "[7.1.0, 8.0.0)",
          "Microsoft.Data.SqlClient.Internal.Logging": "[7.1.0, 8.0.0)",
          "Microsoft.Data.SqlClient.SNI.runtime": "[7.1.0, 8.0.0)",
          "Microsoft.Extensions.Caching.Memory": "9.0.18",
          "Microsoft.IdentityModel.JsonWebTokens": "8.16.0",
          "Microsoft.IdentityModel.Protocols.OpenIdConnect": "8.16.0",
          "Microsoft.SqlServer.Server": "[1.0.0, 2.0.0)",
          "System.Configuration.ConfigurationManager": "9.0.18",
          "System.Security.Cryptography.Pkcs": "9.0.18",
          "System.Threading.RateLimiting": "9.0.18"
        }
      },
      "Microsoft.NET.Test.Sdk": {
        "type": "Direct",
        "requested": "[18.6.0, )",
        "resolved": "18.6.0",
        "contentHash": "kAIBt0MsYR0o2RULmlW5BhQ1ha50aGEgLKG4f1p0kePBGLJCprqs3S+NxRrYN8UH7mSQRPKpeiH9mwPMEKUObQ==",
        "dependencies": {
          "Microsoft.CodeCoverage": "18.6.0",
          "Microsoft.TestPlatform.TestHost": "18.6.0"
        }
      },
      "Shouldly": {
        "type": "Direct",
        "requested": "[4.3.0, )",
        "resolved": "4.3.0",
        "contentHash": "sDetrWXrl6YXZ4HeLsdBoNk3uIa7K+V4uvIJ+cqdRa5DrFxeTED7VkjoxCuU1kJWpUuBDZz2QXFzSxBtVXLwRQ==",
        "dependencies": {
          "DiffEngine": "11.3.0",
          "EmptyFiles": "4.4.0"
        }
      },
      "xunit": {
        "type": "Direct",
        "requested": "[2.9.3, )",
        "resolved": "2.9.3",
        "contentHash": "TlXQBinK35LpOPKHAqbLY4xlEen9TBafjs0V5KnA4wZsoQLQJiirCR4CbIXvOH8NzkW4YeJKP5P/Bnrodm0h9Q==",
        "dependencies": {
          "xunit.analyzers": "1.18.0",
          "xunit.assert": "2.9.3",
          "xunit.core": "[2.9.3]"
        }
      },
      "xunit.runner.visualstudio": {
        "type": "Direct",
        "requested": "[3.1.5, )",
        "resolved": "3.1.5",
        "contentHash": "tKi7dSTwP4m5m9eXPM2Ime4Kn7xNf4x4zT9sdLO/G4hZVnQCRiMTWoSZqI/pYTVeI27oPPqHBKYI/DjJ9GsYgA=="
      },
      "AWSSDK.Core": {
        "type": "Transitive",
        "resolved": "4.0.7.4",
        "contentHash": "qNlzH2ygJ6JG8uefpvws782PnJlkVEwqRD5vz4fR8wFfwWU3ttyAjiwEOPEYcxl84mhQdYGI9gR+kroGFI2+wA=="
      },
      "DiffEngine": {
        "type": "Transitive",
        "resolved": "11.3.0",
        "contentHash": "k0ZgZqd09jLZQjR8FyQbSQE86Q7QZnjEzq1LPHtj1R2AoWO8sjV5x+jlSisL7NZAbUOI4y+7Bog8gkr9WIRBGw==",
        "dependencies": {
          "EmptyFiles": "4.4.0",
          "System.Management": "6.0.1"
        }
      },
      "EmptyFiles": {
        "type": "Transitive",
        "resolved": "4.4.0",
        "contentHash": "gwJEfIGS7FhykvtZoscwXj/XwW+mJY6UbAZk+qtLKFUGWC95kfKXnj8VkxsZQnWBxJemM/q664rGLN5nf+OHZw=="
      },
      "Fare": {
        "type": "Transitive",
        "resolved": "2.1.1",
        "contentHash": "HaI8puqA66YU7/9cK4Sgbs1taUTP1Ssa4QT2PIzqJ7GvAbN1QgkjbRsjH+FSbMh1MJdvS0CIwQNLtFT+KF6KpA==",
        "dependencies": {
          "NETStandard.Library": "1.6.1"
        }
      },
      "Microsoft.Bcl.Cryptography": {
        "type": "Transitive",
        "resolved": "9.0.18",
        "contentHash": "42XcqOGj0jTNW6FphUEuhNLCdVQsYbYCf2pPlkWdz1uDyxxirpcxyjg7pWIBgPCjzk6rv/irgLya/2tDJKIpYg=="
      },
      "Microsoft.CodeCoverage": {
        "type": "Transitive",
        "resolved": "18.6.0",
        "contentHash": "bkmCXn/65Cd0LdO2zTb/ValGAJ1H8y/CgYOiBb3jsDyHI3Y1ljKx6RBvhvn3e5D/4R4I00RRwLf+Bd2Sn6bJjA=="
      },
      "Microsoft.Data.SqlClient.Extensions.Abstractions": {
        "type": "Transitive",
        "resolved": "7.1.0",
        "contentHash": "8xqe8rxLEJealAw21Rh/w+Kis4TtgAZQ+e7HrTkG/gOeiy3CbCtcMXJr3P5H9txhUQNNxkoR9qy1FIk5T85FSg==",
        "dependencies": {
          "Microsoft.Data.SqlClient.Internal.Logging": "[7.1.0, 8.0.0)"
        }
      },
      "Microsoft.Data.SqlClient.Internal.Logging": {
        "type": "Transitive",
        "resolved": "7.1.0",
        "contentHash": "z+uzJ+/xqZlYSlv0slMhiHd3TRZr20ijZmjUG2qOaNjKzMMO5cx8itHQ0s/YguqMq/8BMlXZe5n6XSgswe+73g=="
      },
      "Microsoft.Data.SqlClient.SNI.runtime": {
        "type": "Transitive",
        "resolved": "7.1.0",
        "contentHash": "rWunOb6Dby0lcI82PohARcRbF+4x4wNKxnKRSHXhuwZMu8/cCS68DCfhceq4bv1gUEfoL5dWXHYnfxVvLQUN+Q=="
      },
      "Microsoft.Extensions.Caching.Abstractions": {
        "type": "Transitive",
        "resolved": "9.0.18",
        "contentHash": "Y8PnPKq+ASBazn0QA5d98/dWT0MAfv9CJYV6zPZ/TisZpAUe5zWgKldJLXkrmUuIzvUpQS7/SF7+1dld3OP/EQ==",
        "dependencies": {
          "Microsoft.Extensions.Primitives": "9.0.18"
        }
      },
      "Microsoft.Extensions.Caching.Memory": {
        "type": "Transitive",
        "resolved": "9.0.18",
        "contentHash": "ZQ+x93CRR8DOGT+YPP4YXvwTAJ0MfvAghs5cwCSvtZFiORSfprAw9f67d0QDhf6PCIYyFsMKFB+PI3p9lpiMUQ==",
        "dependencies": {
          "Microsoft.Extensions.Caching.Abstractions": "9.0.18",
          "Microsoft.Extensions.DependencyInjection.Abstractions": "9.0.18",
          "Microsoft.Extensions.Logging.Abstractions": "9.0.18",
          "Microsoft.Extensions.Options": "9.0.18",
          "Microsoft.Extensions.Primitives": "9.0.18"
        }
      },
      "Microsoft.Extensions.DependencyInjection.Abstractions": {
        "type": "Transitive",
        "resolved": "10.0.0",
        "contentHash": "L3AdmZ1WOK4XXT5YFPEwyt0ep6l8lGIPs7F5OOBZc77Zqeo01Of7XXICy47628sdVl0v/owxYJTe86DTgFwKCA=="
      },
      "Microsoft.Extensions.Logging.Abstractions": {
        "type": "Transitive",
        "resolved": "10.0.0",
        "contentHash": "FU/IfjDfwaMuKr414SSQNTIti/69bHEMb+QKrskRb26oVqpx3lNFXMjs/RC9ZUuhBhcwDM2BwOgoMw+PZ+beqQ==",
        "dependencies": {
          "Microsoft.Extensions.DependencyInjection.Abstractions": "10.0.0"
        }
      },
      "Microsoft.Extensions.Options": {
        "type": "Transitive",
        "resolved": "9.0.18",
        "contentHash": "HiA/R0jGR10TGuR6coM8KMUdJ5YlP3bhGxqEdGLkxFdBV1EFNdZMAajSEZHwkex4X/iMQwRCQVotqpElcxOImg==",
        "dependencies": {
          "Microsoft.Extensions.DependencyInjection.Abstractions": "9.0.18",
          "Microsoft.Extensions.Primitives": "9.0.18"
        }
      },
      "Microsoft.Extensions.Primitives": {
        "type": "Transitive",
        "resolved": "9.0.18",
        "contentHash": "hfHudMC5zDlwMrC0HiHOJesSHMvM+CdqjomjcV/YVzFq5dfSpBRvyRLm1n1Bfh41ZpQnyJzqX+YEo95BAmcDAQ=="
      },
      "Microsoft.IdentityModel.Abstractions": {
        "type": "Transitive",
        "resolved": "8.16.0",
        "contentHash": "gSxKLWRZzBpIsEoeUPkxfywNCCvRvl7hkq146XHPk5vOQc9izSf1I+uL1vh4y2U19QPxd9Z8K/8AdWyxYz2lSg=="
      },
      "Microsoft.IdentityModel.JsonWebTokens": {
        "type": "Transitive",
        "resolved": "8.16.0",
        "contentHash": "prBU72cIP4V8E9fhN+o/YdskTsLeIcnKPbhZf0X6mD7fdxoZqnS/NdEkSr+9Zp+2q7OZBOMfNBKGbTbhXODO4w==",
        "dependencies": {
          "Microsoft.IdentityModel.Tokens": "8.16.0"
        }
      },
      "Microsoft.IdentityModel.Logging": {
        "type": "Transitive",
        "resolved": "8.16.0",
        "contentHash": "MTzXmETkNQPACR7/XCXM1OGM6oU9RkyibqeJRtO9Ndew2LnGjMf9Atqj2VSf4XC27X0FQycUAlzxxEgQMWn2xQ==",
        "dependencies": {
          "Microsoft.IdentityModel.Abstractions": "8.16.0"
        }
      },
      "Microsoft.IdentityModel.Protocols": {
        "type": "Transitive",
        "resolved": "8.16.0",
        "contentHash": "UFrU7d46UTsPQTa2HIEIpB9H1uJe1BW9FLw5uhEJ2ZuKdur8bcUA/bO5caq5dlBt5gNJeRIB3QQXYNs5fCQCZA==",
        "dependencies": {
          "Microsoft.IdentityModel.Tokens": "8.16.0"
        }
      },
      "Microsoft.IdentityModel.Protocols.OpenIdConnect": {
        "type": "Transitive",
        "resolved": "8.16.0",
        "contentHash": "h4yVXyJsEBBX5lg2G5ftMsi5JzcNEGAzrNphA6DQ6eOd8P0s+cDCOyPwVTYLePZvJL5unbPvYIvzrbTXzFjXnQ==",
        "dependencies": {
          "Microsoft.IdentityModel.Protocols": "8.16.0",
          "System.IdentityModel.Tokens.Jwt": "8.16.0"
        }
      },
      "Microsoft.IdentityModel.Tokens": {
        "type": "Transitive",
        "resolved": "8.16.0",
        "contentHash": "rtViGJcGsN7WcfUNErwNeQgjuU5cJNl6FDQsfi9TncwO+Epzn0FTfBsg3YuFW1Q0Ch/KPxaVdjLw3/+5Z5ceFQ==",
        "dependencies": {
          "Microsoft.Extensions.Logging.Abstractions": "10.0.0",
          "Microsoft.IdentityModel.Logging": "8.16.0"
        }
      },
      "Microsoft.NETCore.Platforms": {
        "type": "Transitive",
        "resolved": "1.1.0",
        "contentHash": "kz0PEW2lhqygehI/d6XsPCQzD7ff7gUJaVGPVETX611eadGsA3A877GdSlU0LRVMCTH/+P3o2iDTak+S08V2+A=="
      },
      "Microsoft.SqlServer.Server": {
        "type": "Transitive",
        "resolved": "1.0.0",
        "contentHash": "N4KeF3cpcm1PUHym1RmakkzfkEv3GRMyofVv40uXsQhCQeglr2OHNcUk2WOG51AKpGO8ynGpo9M/kFXSzghwug=="
      },
      "Microsoft.TestPlatform.ObjectModel": {
        "type": "Transitive",
        "resolved": "18.6.0",
        "contentHash": "gQTW4BIfM2ZLxixo9ITXoulLKjn20FiiHtqTsx9PENqTrX7368ZeJ5L0QZJyReXDWORPRV8jXwZR6Aar8JOyaA=="
      },
      "Microsoft.TestPlatform.TestHost": {
        "type": "Transitive",
        "resolved": "18.6.0",
        "contentHash": "em1eLz5Q46+hsCtAXdXggWAPd9gQyT4ngdsQ7k1eWvQgpsjtS/wAOJ/5TteieFdiAvrEq1iVn00LtusAxRaVmQ==",
        "dependencies": {
          "Microsoft.TestPlatform.ObjectModel": "18.6.0",
          "Newtonsoft.Json": "13.0.3"
        }
      },
      "NETStandard.Library": {
        "type": "Transitive",
        "resolved": "1.6.1",
        "contentHash": "WcSp3+vP+yHNgS8EV5J7pZ9IRpeDuARBPN28by8zqff1wJQXm26PVU8L3/fYLBJVU7BtDyqNVWq2KlCVvSSR4A==",
        "dependencies": {
          "Microsoft.NETCore.Platforms": "1.1.0"
        }
      },
      "Newtonsoft.Json": {
        "type": "Transitive",
        "resolved": "13.0.3",
        "contentHash": "HrC5BXdl00IP9zeV+0Z848QWPAoCr9P3bDEZguI+gkLcBKAOxix/tLEAAHC+UvDNPv4a2d18lOReHMOagPa+zQ=="
      },
      "System.CodeDom": {
        "type": "Transitive",
        "resolved": "6.0.0",
        "contentHash": "CPc6tWO1LAer3IzfZufDBRL+UZQcj5uS207NHALQzP84Vp/z6wF0Aa0YZImOQY8iStY0A2zI/e3ihKNPfUm8XA=="
      },
      "System.Configuration.ConfigurationManager": {
        "type": "Transitive",
        "resolved": "9.0.18",
        "contentHash": "/1q0MHB2xKyTFRC5tk+oL3Ahi+QK0UPI6Qk6Xc5z5BW6otR2T9wwWmEW/LZX98cq7UOmu+7sZ5HNwuq61zrNtg==",
        "dependencies": {
          "System.Diagnostics.EventLog": "9.0.18",
          "System.Security.Cryptography.ProtectedData": "9.0.18"
        }
      },
      "System.Diagnostics.EventLog": {
        "type": "Transitive",
        "resolved": "9.0.18",
        "contentHash": "4f3CBS22A2Y+M+shvdYzeWaEPYycZ3IaouaH+NxGLW6xoFahR1+L+YM8bt8NI3TQRZbqPBp/myt+6+JXc+IhRg=="
      },
      "System.IdentityModel.Tokens.Jwt": {
        "type": "Transitive",
        "resolved": "8.16.0",
        "contentHash": "rrs2u7DRMXQG2yh0oVyF/vLwosfRv20Ld2iEpYcKwQWXHjfV+gFXNQsQ9p008kR9Ou4pxBs68Q6/9zC8Gi1wjg==",
        "dependencies": {
          "Microsoft.IdentityModel.JsonWebTokens": "8.16.0",
          "Microsoft.IdentityModel.Tokens": "8.16.0"
        }
      },
      "System.Management": {
        "type": "Transitive",
        "resolved": "6.0.1",
        "contentHash": "10J1D0h/lioojphfJ4Fuh5ZUThT/xOVHdV9roGBittKKNP2PMjrvibEdbVTGZcPra1399Ja3tqIJLyQrc5Wmhg==",
        "dependencies": {
          "System.CodeDom": "6.0.0"
        }
      },
      "System.Security.Cryptography.Pkcs": {
        "type": "Transitive",
        "resolved": "9.0.18",
        "contentHash": "NKMKhUdLGNZryY9GXXTF5dXyP6S37EYXhiA2JYvwshJbd4DRq07IOS9it8Opi9atadvv5rlNkD76Mio+5Oo2aQ=="
      },
      "System.Security.Cryptography.ProtectedData": {
        "type": "Transitive",
        "resolved": "9.0.18",
        "contentHash": "1/iz9Eex1TBMYdAk+m3igaMvL+nk+rY1EqL6u93an/j1ghxmB24vGOKXkVFy3NSPA39s1H/+SNoK257tHoXoLA=="
      },
      "System.Threading.RateLimiting": {
        "type": "Transitive",
        "resolved": "9.0.18",
        "contentHash": "pxuHw/tQXaHMRXEaKzzgpoGO8VeTPIzHbnp0KclXp6js5wPHn7VaqSCa8yRTAsZDcZ2XuIEnXGM2MbRDJFLBog=="
      },
      "xunit.abstractions": {
        "type": "Transitive",
        "resolved": "2.0.3",
        "contentHash": "pot1I4YOxlWjIb5jmwvvQNbTrZ3lJQ+jUGkGjWE3hEFM0l5gOnBWS+H3qsex68s5cO52g+44vpGzhAt+42vwKg=="
      },
      "xunit.analyzers": {
        "type": "Transitive",
        "resolved": "1.18.0",
        "contentHash": "OtFMHN8yqIcYP9wcVIgJrq01AfTxijjAqVDy/WeQVSyrDC1RzBWeQPztL49DN2syXRah8TYnfvk035s7L95EZQ=="
      },
      "xunit.assert": {
        "type": "Transitive",
        "resolved": "2.9.3",
        "contentHash": "/Kq28fCE7MjOV42YLVRAJzRF0WmEqsmflm0cfpMjGtzQ2lR5mYVj1/i0Y8uDAOLczkL3/jArrwehfMD0YogMAA=="
      },
      "xunit.core": {
        "type": "Transitive",
        "resolved": "2.9.3",
        "contentHash": "BiAEvqGvyme19wE0wTKdADH+NloYqikiU0mcnmiNyXaF9HyHmE6sr/3DC5vnBkgsWaE6yPyWszKSPSApWdRVeQ==",
        "dependencies": {
          "xunit.extensibility.core": "[2.9.3]",
          "xunit.extensibility.execution": "[2.9.3]"
        }
      },
      "xunit.extensibility.core": {
        "type": "Transitive",
        "resolved": "2.9.3",
        "contentHash": "kf3si0YTn2a8J8eZNb+zFpwfoyvIrQ7ivNk5ZYA5yuYk1bEtMe4DxJ2CF/qsRgmEnDr7MnW1mxylBaHTZ4qErA==",
        "dependencies": {
          "xunit.abstractions": "2.0.3"
        }
      },
      "xunit.extensibility.execution": {
        "type": "Transitive",
        "resolved": "2.9.3",
        "contentHash": "yMb6vMESlSrE3Wfj7V6cjQ3S4TXdXpRqYeNEI3zsX31uTsGMJjEw6oD5F5u1cHnMptjhEECnmZSsPxB6ChZHDQ==",
        "dependencies": {
          "xunit.extensibility.core": "[2.9.3]"
        }
      },
      "be.vlaanderen.basisregisters.blobstore": {
        "type": "Project",
        "dependencies": {
          "AWSSDK.S3": "[4.0.23.6, )",
          "Microsoft.Data.SqlClient": "[7.1.0, )"
        }
      }
    },
    "net10.0/linux-x64": {
      "Microsoft.Data.SqlClient": {
        "type": "Direct",
        "requested": "[7.1.0, )",
        "resolved": "7.1.0",
        "contentHash": "yKPkjufNvrX5VDv49XHaGbUNPL4kDx9ALCrqDhYu+ThFQxjM8zGMzYxPv9iiwRU0ZL3vhgq0F2KEeoV3PT2utQ==",
        "dependencies": {
          "Microsoft.Bcl.Cryptography": "9.0.18",
          "Microsoft.Data.SqlClient.Extensions.Abstractions": "[7.1.0, 8.0.0)",
          "Microsoft.Data.SqlClient.Internal.Logging": "[7.1.0, 8.0.0)",
          "Microsoft.Data.SqlClient.SNI.runtime": "[7.1.0, 8.0.0)",
          "Microsoft.Extensions.Caching.Memory": "9.0.18",
          "Microsoft.IdentityModel.JsonWebTokens": "8.16.0",
          "Microsoft.IdentityModel.Protocols.OpenIdConnect": "8.16.0",
          "Microsoft.SqlServer.Server": "[1.0.0, 2.0.0)",
          "System.Configuration.ConfigurationManager": "9.0.18",
          "System.Security.Cryptography.Pkcs": "9.0.18",
          "System.Threading.RateLimiting": "9.0.18"
        }
      },
      "Microsoft.Data.SqlClient.SNI.runtime": {
        "type": "Transitive",
        "resolved": "7.1.0",
        "contentHash": "rWunOb6Dby0lcI82PohARcRbF+4x4wNKxnKRSHXhuwZMu8/cCS68DCfhceq4bv1gUEfoL5dWXHYnfxVvLQUN+Q=="
      },
      "System.Diagnostics.EventLog": {
        "type": "Transitive",
        "resolved": "9.0.18",
        "contentHash": "4f3CBS22A2Y+M+shvdYzeWaEPYycZ3IaouaH+NxGLW6xoFahR1+L+YM8bt8NI3TQRZbqPBp/myt+6+JXc+IhRg=="
      },
      "System.Management": {
        "type": "Transitive",
        "resolved": "6.0.1",
        "contentHash": "10J1D0h/lioojphfJ4Fuh5ZUThT/xOVHdV9roGBittKKNP2PMjrvibEdbVTGZcPra1399Ja3tqIJLyQrc5Wmhg==",
        "dependencies": {
          "System.CodeDom": "6.0.0"
        }
      },
      "System.Security.Cryptography.Pkcs": {
        "type": "Transitive",
        "resolved": "9.0.18",
        "contentHash": "NKMKhUdLGNZryY9GXXTF5dXyP6S37EYXhiA2JYvwshJbd4DRq07IOS9it8Opi9atadvv5rlNkD76Mio+5Oo2aQ=="
      }
    },
    "net10.0/win-x64": {
      "Microsoft.Data.SqlClient": {
        "type": "Direct",
        "requested": "[7.1.0, )",
        "resolved": "7.1.0",
        "contentHash": "yKPkjufNvrX5VDv49XHaGbUNPL4kDx9ALCrqDhYu+ThFQxjM8zGMzYxPv9iiwRU0ZL3vhgq0F2KEeoV3PT2utQ==",
        "dependencies": {
          "Microsoft.Bcl.Cryptography": "9.0.18",
          "Microsoft.Data.SqlClient.Extensions.Abstractions": "[7.1.0, 8.0.0)",
          "Microsoft.Data.SqlClient.Internal.Logging": "[7.1.0, 8.0.0)",
          "Microsoft.Data.SqlClient.SNI.runtime": "[7.1.0, 8.0.0)",
          "Microsoft.Extensions.Caching.Memory": "9.0.18",
          "Microsoft.IdentityModel.JsonWebTokens": "8.16.0",
          "Microsoft.IdentityModel.Protocols.OpenIdConnect": "8.16.0",
          "Microsoft.SqlServer.Server": "[1.0.0, 2.0.0)",
          "System.Configuration.ConfigurationManager": "9.0.18",
          "System.Security.Cryptography.Pkcs": "9.0.18",
          "System.Threading.RateLimiting": "9.0.18"
        }
      },
      "Microsoft.Data.SqlClient.SNI.runtime": {
        "type": "Transitive",
        "resolved": "7.1.0",
        "contentHash": "rWunOb6Dby0lcI82PohARcRbF+4x4wNKxnKRSHXhuwZMu8/cCS68DCfhceq4bv1gUEfoL5dWXHYnfxVvLQUN+Q=="
      },
      "System.Diagnostics.EventLog": {
        "type": "Transitive",
        "resolved": "9.0.18",
        "contentHash": "4f3CBS22A2Y+M+shvdYzeWaEPYycZ3IaouaH+NxGLW6xoFahR1+L+YM8bt8NI3TQRZbqPBp/myt+6+JXc+IhRg=="
      },
      "System.Management": {
        "type": "Transitive",
        "resolved": "6.0.1",
        "contentHash": "10J1D0h/lioojphfJ4Fuh5ZUThT/xOVHdV9roGBittKKNP2PMjrvibEdbVTGZcPra1399Ja3tqIJLyQrc5Wmhg==",
        "dependencies": {
          "System.CodeDom": "6.0.0"
        }
      },
      "System.Security.Cryptography.Pkcs": {
        "type": "Transitive",
        "resolved": "9.0.18",
        "contentHash": "NKMKhUdLGNZryY9GXXTF5dXyP6S37EYXhiA2JYvwshJbd4DRq07IOS9it8Opi9atadvv5rlNkD76Mio+5Oo2aQ=="
      }
    }
  }
}